
Microsoft Visual Studio Solution File, Format Version 12.00
# Visual Studio Version 17
VisualStudioVersion = 17.11.35327.3
MinimumVisualStudioVersion = 10.0.40219.1
Project("{8BC9CEB8-8B4A-11D0-8D11-00A0C91BC942}") = "Server", "..\Feedback_ChattingServer\Server\Server.vcxproj", "{EAF110E1-4D0B-4074-9E2A-7C95F521760C}"
EndProject
Project("{8BC9CEB8-8B4A-11D0-8D11-00A0C91BC942}") = "Client", "..\Feedback_ChattingServer\Client\Client.vcxproj", "{3A604F46-3F6B-4AF3-83DB-B799DC188FE0}"
EndProject
Global
	GlobalSection(SolutionConfigurationPlatforms) = preSolution
		Debug|x64 = Debug|x64
		Debug|x86 = Debug|x86
		Release|x64 = Release|x64
		Release|x86 = Release|x86
	EndGlobalSection
	GlobalSection(ProjectConfigurationPlatforms) = postSolution
		{EAF110E1-4D0B-4074-9E2A-7C95F521760C}.Debug|x64.ActiveCfg = Debug|x64
		{EAF110E1-4D0B-4074-9E2A-7C95F521760C}.Debug|x64.Build.0 = Debug|x64
		{EAF110E1-4D0B-4074-9E2A-7C95F521760C}.Debug|x86.ActiveCfg = Debug|Win32
		{EAF110E1-4D0B-4074-9E2A-7C95F521760C}.Debug|x86.Build.0 = Debug|Win32
		{EAF110E1-4D0B-4074-9E2A-7C95F521760C}.Release|x64.ActiveCfg = Release|x64
		{EAF110E1-4D0B-4074-9E2A-7C95F521760C}.Release|x64.Build.0 = Release|x64
		{EAF110E1-4D0B-4074-9E2A-7C95F521760C}.Release|x86.ActiveCfg = Release|Win32
		{EAF110E1-4D0B-4074-9E2A-7C95F521760C}.Release|x86.Build.0 = Release|Win32
		{3A604F46-3F6B-4AF3-83DB-B799DC188FE0}.Debug|x64.ActiveCfg = Debug|x64
		{3A604F46-3F6B-4AF3-83DB-B799DC188FE0}.Debug|x64.Build.0 = Debug|x64
		{3A604F46-3F6B-4AF3-83DB-B799DC188FE0}.Debug|x86.ActiveCfg = Debug|Win32
		{3A604F46-3F6B-4AF3-83DB-B799DC188FE0}.Debug|x86.Build.0 = Debug|Win32
		{3A604F46-3F6B-4AF3-83DB-B799DC188FE0}.Release|x64.ActiveCfg = Release|x64
		{3A604F46-3F6B-4AF3-83DB-B799DC188FE0}.Release|x64.Build.0 = Release|x64
		{3A604F46-3F6B-4AF3-83DB-B799DC188FE0}.Release|x86.ActiveCfg = Release|Win32
		{3A604F46-3F6B-4AF3-83DB-B799DC188FE0}.Release|x86.Build.0 = Release|Win32
	EndGlobalSection
	GlobalSection(SolutionProperties) = preSolution
		HideSolutionNode = FALSE
	EndGlobalSection
	GlobalSection(ExtensibilityGlobals) = postSolution
		SolutionGuid = {A215A002-40DD-4B9D-90E1-FF332FCDE8A7}
	EndGlobalSection
EndGlobal
